
Microsoft Visual Studio Solution File, Format Version 12.00
# Visual Studio 15
VisualStudioVersion = 15.0.28307.572
MinimumVisualStudioVersion = 10.0.40219.1
Project("{FAE04EC0-301F-11D3-BF4B-00C04F79EFBC}") = "BlockingCollectionExtensions", "BlockingCollectionExtensions\BlockingCollectionExtensions.csproj", "{2E18BFA6-2A58-4C2C-9992-1F6423C2BE44}"
EndProject
Project("{FAE04EC0-301F-11D3-BF4B-00C04F79EFBC}") = "BlockingCollectionsExtensions.Unit.Tests", "BlockingCollectionsExtensions.Unit.Tests\BlockingCollectionsExtensions.Unit.Tests.csproj", "{07516E5D-B454-49C8-920A-9BDE912B98D1}"
EndProject
Global
	GlobalSection(SolutionConfigurationPlatforms) = preSolution
		Debug|Any CPU = Debug|Any CPU
		Release|Any CPU = Release|Any CPU
	EndGlobalSection
	GlobalSection(ProjectConfigurationPlatforms) = postSolution
		{2E18BFA6-2A58-4C2C-9992-1F6423C2BE44}.Debug|Any CPU.ActiveCfg = Debug|Any CPU
		{2E18BFA6-2A58-4C2C-9992-1F6423C2BE44}.Debug|Any CPU.Build.0 = Debug|Any CPU
		{2E18BFA6-2A58-4C2C-9992-1F6423C2BE44}.Release|Any CPU.ActiveCfg = Release|Any CPU
		{2E18BFA6-2A58-4C2C-9992-1F6423C2BE44}.Release|Any CPU.Build.0 = Release|Any CPU
		{07516E5D-B454-49C8-920A-9BDE912B98D1}.Debug|Any CPU.ActiveCfg = Debug|Any CPU
		{07516E5D-B454-49C8-920A-9BDE912B98D1}.Debug|Any CPU.Build.0 = Debug|Any CPU
		{07516E5D-B454-49C8-920A-9BDE912B98D1}.Release|Any CPU.ActiveCfg = Release|Any CPU
		{07516E5D-B454-49C8-920A-9BDE912B98D1}.Release|Any CPU.Build.0 = Release|Any CPU
	EndGlobalSection
	GlobalSection(SolutionProperties) = preSolution
		HideSolutionNode = FALSE
	EndGlobalSection
	GlobalSection(ExtensibilityGlobals) = postSolution
		SolutionGuid = {BC171C09-0465-4EAE-8A06-ADC641C36C9E}
	EndGlobalSection
EndGlobal
